// !$*UTF8*$!
{
	archiveVersion = 1;
	classes = {
	};
	objectVersion = 50;
	objects = {

/* Begin PBXBuildFile section */
		898DC8DA25676E9200C9A6B6 /* AppDelegate.swift in Sources */ = {isa = PBXBuildFile; fileRef = 898DC8D925676E9200C9A6B6 /* AppDelegate.swift */; };
		898DC8DC25676E9200C9A6B6 /* SceneDelegate.swift in Sources */ = {isa = PBXBuildFile; fileRef = 898DC8DB25676E9200C9A6B6 /* SceneDelegate.swift */; };
		898DC8DE25676E9200C9A6B6 /* ViewController.swift in Sources */ = {isa = PBXBuildFile; fileRef = 898DC8DD25676E9200C9A6B6 /* ViewController.swift */; };
		898DC8E125676E9200C9A6B6 /* Main.storyboard in Resources */ = {isa = PBXBuildFile; fileRef = 898DC8DF25676E9200C9A6B6 /* Main.storyboard */; };
		898DC8E325676E9400C9A6B6 /* Assets.xcassets in Resources */ = {isa = PBXBuildFile; fileRef = 898DC8E225676E9400C9A6B6 /* Assets.xcassets */; };
		898DC8E625676E9400C9A6B6 /* LaunchScreen.storyboard in Resources */ = {isa = PBXBuildFile; fileRef = 898DC8E425676E9400C9A6B6 /* LaunchScreen.storyboard */; };
		898DC8F125676E9500C9A6B6 /* ParstagramTests.swift in Sources */ = {isa = PBXBuildFile; fileRef = 898DC8F025676E9500C9A6B6 /* ParstagramTests.swift */; };
		898DC8FC25676E9500C9A6B6 /* ParstagramUITests.swift in Sources */ = {isa = PBXBuildFile; fileRef = 898DC8FB25676E9500C9A6B6 /* ParstagramUITests.swift */; };
/* End PBXBuildFile section */

/* Begin PBXContainerItemProxy section */
		898DC8ED25676E9500C9A6B6 /* PBXContainerItemProxy */ = {
			isa = PBXContainerItemProxy;
			containerPortal = 898DC8CE25676E9200C9A6B6 /* Project object */;
			proxyType = 1;
			remoteGlobalIDString = 898DC8D525676E9200C9A6B6;
			remoteInfo = Parstagram;
		};
		898DC8F825676E9500C9A6B6 /* PBXContainerItemProxy */ = {
			isa = PBXContainerItemProxy;
			containerPortal = 898DC8CE25676E9200C9A6B6 /* Project object */;
			proxyType = 1;
			remoteGlobalIDString = 898DC8D525676E9200C9A6B6;
			remoteInfo = Parstagram;
		};
/* End PBXContainerItemProxy section */

/* Begin PBXFileReference section */
		898DC8D625676E9200C9A6B6 /* Parstagram.app */ = {isa = PBXFileReference; explicitFileType = wrapper.application; includeInIndex = 0; path = Parstagram.app; sourceTree = BUILT_PRODUCTS_DIR; };
		898DC8D925676E9200C9A6B6 /* AppDelegate.swift */ = {isa = PBXFileReference; lastKnownFileType = sourcecode.swift; path = AppDelegate.swift; sourceTree = "<group>"; };
		898DC8DB25676E9200C9A6B6 /* SceneDelegate.swift */ = {isa = PBXFileReference; lastKnownFileType = sourcecode.swift; path = SceneDelegate.swift; sourceTree = "<group>"; };
		898DC8DD25676E9200C9A6B6 /* ViewController.swift */ = {isa = PBXFileReference; lastKnownFileType = sourcecode.swift; path = ViewController.swift; sourceTree = "<group>"; };
		898DC8E025676E9200C9A6B6 /* Base */ = {isa = PBXFileReference; lastKnownFileType = file.storyboard; name = Base; path = Base.lproj/Main.storyboard; sourceTree = "<group>"; };
		898DC8E225676E9400C9A6B6 /* Assets.xcassets */ = {isa = PBXFileReference; lastKnownFileType = folder.assetcatalog; path = Assets.xcassets; sourceTree = "<group>"; };
		898DC8E525676E9400C9A6B6 /* Base */ = {isa = PBXFileReference; lastKnownFileType = file.storyboard; name = Base; path = Base.lproj/LaunchScreen.storyboard; sourceTree = "<group>"; };
		898DC8E725676E9400C9A6B6 /* Info.plist */ = {isa = PBXFileReference; lastKnownFileType = text.plist.xml; path = Info.plist; sourceTree = "<group>"; };
		898DC8EC25676E9500C9A6B6 /* ParstagramTests.xctest */ = {isa = PBXFileReference; explicitFileType = wrapper.cfbundle; includeInIndex = 0; path = ParstagramTests.xctest; sourceTree = BUILT_PRODUCTS_DIR; };
		898DC8F025676E9500C9A6B6 /* ParstagramTests.swift */ = {isa = PBXFileReference; lastKnownFileType = sourcecode.swift; path = ParstagramTests.swift; sourceTree = "<group>"; };
		898DC8F225676E9500C9A6B6 /* Info.plist */ = {isa = PBXFileReference; lastKnownFileType = text.plist.xml; path = Info.plist; sourceTree = "<group>"; };
		898DC8F725676E9500C9A6B6 /* ParstagramUITests.xctest */ = {isa = PBXFileReference; explicitFileType = wrapper.cfbundle; includeInIndex = 0; path = ParstagramUITests.xctest; sourceTree = BUILT_PRODUCTS_DIR; };
		898DC8FB25676E9500C9A6B6 /* ParstagramUITests.swift */ = {isa = PBXFileReference; lastKnownFileType = sourcecode.swift; path = ParstagramUITests.swift; sourceTree = "<group>"; };
		898DC8FD25676E9500C9A6B6 /* Info.plist */ = {isa = PBXFileReference; lastKnownFileType = text.plist.xml; path = Info.plist; sourceTree = "<group>"; };
/* End PBXFileReference section */

/* Begin PBXFrameworksBuildPhase section */
		898DC8D325676E9200C9A6B6 /* Frameworks */ = {
			isa = PBXFrameworksBuildPhase;
			buildActionMask = 2147483647;
			files = (
			);
			runOnlyForDeploymentPostprocessing = 0;
		};
		898DC8E925676E9500C9A6B6 /* Frameworks */ = {
			isa = PBXFrameworksBuildPhase;
			buildActionMask = 2147483647;
			files = (
			);
			runOnlyForDeploymentPostprocessing = 0;
		};
		898DC8F425676E9500C9A6B6 /* Frameworks */ = {
			isa = PBXFrameworksBuildPhase;
			buildActionMask = 2147483647;
			files = (
			);
			runOnlyForDeploymentPostprocessing = 0;
		};
/* End PBXFrameworksBuildPhase section */

/* Begin PBXGroup section */
		898DC8CD25676E9200C9A6B6 = {
			isa = PBXGroup;
			children = (
				898DC8D825676E9200C9A6B6 /* Parstagram */,
				898DC8EF25676E9500C9A6B6 /* ParstagramTests */,
				898DC8FA25676E9500C9A6B6 /* ParstagramUITests */,
				898DC8D725676E9200C9A6B6 /* Products */,
			);
			sourceTree = "<group>";
		};
		898DC8D725676E9200C9A6B6 /* Products */ = {
			isa = PBXGroup;
			children = (
				898DC8D625676E9200C9A6B6 /* Parstagram.app */,
				898DC8EC25676E9500C9A6B6 /* ParstagramTests.xctest */,
				898DC8F725676E9500C9A6B6 /* ParstagramUITests.xctest */,
			);
			name = Products;
			sourceTree = "<group>";
		};
		898DC8D825676E9200C9A6B6 /* Parstagram */ = {
			isa = PBXGroup;
			children = (
				898DC8D925676E9200C9A6B6 /* AppDelegate.swift */,
				898DC8DB25676E9200C9A6B6 /* SceneDelegate.swift */,
				898DC8DD25676E9200C9A6B6 /* ViewController.swift */,
				898DC8DF25676E9200C9A6B6 /* Main.storyboard */,
				898DC8E225676E9400C9A6B6 /* Assets.xcassets */,
				898DC8E425676E9400C9A6B6 /* LaunchScreen.storyboard */,
				898DC8E725676E9400C9A6B6 /* Info.plist */,
			);
			path = Parstagram;
			sourceTree = "<group>";
		};
		898DC8EF25676E9500C9A6B6 /* ParstagramTests */ = {
			isa = PBXGroup;
			children = (
				898DC8F025676E9500C9A6B6 /* ParstagramTests.swift */,
				898DC8F225676E9500C9A6B6 /* Info.plist */,
			);
			path = ParstagramTests;
			sourceTree = "<group>";
		};
		898DC8FA25676E9500C9A6B6 /* ParstagramUITests */ = {
			isa = PBXGroup;
			children = (
				898DC8FB25676E9500C9A6B6 /* ParstagramUITests.swift */,
				898DC8FD25676E9500C9A6B6 /* Info.plist */,
			);
			path = ParstagramUITests;
			sourceTree = "<group>";
		};
/* End PBXGroup section */

/* Begin PBXNativeTarget section */
		898DC8D525676E9200C9A6B6 /* Parstagram */ = {
			isa = PBXNativeTarget;
			buildConfigurationList = 898DC90025676E9500C9A6B6 /* Build configuration list for PBXNativeTarget "Parstagram" */;
			buildPhases = (
				898DC8D225676E9200C9A6B6 /* Sources */,
				898DC8D325676E9200C9A6B6 /* Frameworks */,
				898DC8D425676E9200C9A6B6 /* Resources */,
			);
			buildRules = (
			);
			dependencies = (
			);
			name = Parstagram;
			productName = Parstagram;
			productReference = 898DC8D625676E9200C9A6B6 /* Parstagram.app */;
			productType = "com.apple.product-type.application";
		};
		898DC8EB25676E9500C9A6B6 /* ParstagramTests */ = {
			isa = PBXNativeTarget;
			buildConfigurationList = 898DC90325676E9500C9A6B6 /* Build configuration list for PBXNativeTarget "ParstagramTests" */;
			buildPhases = (
				898DC8E825676E9500C9A6B6 /* Sources */,
				898DC8E925676E9500C9A6B6 /* Frameworks */,
				898DC8EA25676E9500C9A6B6 /* Resources */,
			);
			buildRules = (
			);
			dependencies = (
				898DC8EE25676E9500C9A6B6 /* PBXTargetDependency */,
			);
			name = ParstagramTests;
			productName = ParstagramTests;
			productReference = 898DC8EC25676E9500C9A6B6 /* ParstagramTests.xctest */;
			productType = "com.apple.product-type.bundle.unit-test";
		};
		898DC8F625676E9500C9A6B6 /* ParstagramUITests */ = {
			isa = PBXNativeTarget;
			buildConfigurationList = 898DC90625676E9500C9A6B6 /* Build configuration list for PBXNativeTarget "ParstagramUITests" */;
			buildPhases = (
				898DC8F325676E9500C9A6B6 /* Sources */,
				898DC8F425676E9500C9A6B6 /* Frameworks */,
				898DC8F525676E9500C9A6B6 /* Resources */,
			);
			buildRules = (
			);
			dependencies = (
				898DC8F925676E9500C9A6B6 /* PBXTargetDependency */,
			);
			name = ParstagramUITests;
			productName = ParstagramUITests;
			productReference = 898DC8F725676E9500C9A6B6 /* ParstagramUITests.xctest */;
			productType = "com.apple.product-type.bundle.ui-testing";
		};
/* End PBXNativeTarget section */

/* Begin PBXProject section */
		898DC8CE25676E9200C9A6B6 /* Project object */ = {
			isa = PBXProject;
			attributes = {
				LastSwiftUpdateCheck = 1210;
				LastUpgradeCheck = 1210;
				TargetAttributes = {
					898DC8D525676E9200C9A6B6 = {
						CreatedOnToolsVersion = 12.1;
					};
					898DC8EB25676E9500C9A6B6 = {
						CreatedOnToolsVersion = 12.1;
						TestTargetID = 898DC8D525676E9200C9A6B6;
					};
					898DC8F625676E9500C9A6B6 = {
						CreatedOnToolsVersion = 12.1;
						TestTargetID = 898DC8D525676E9200C9A6B6;
					};
				};
			};
			buildConfigurationList = 898DC8D125676E9200C9A6B6 /* Build configuration list for PBXProject "Parstagram" */;
			compatibilityVersion = "Xcode 9.3";
			developmentRegion = en;
			hasScannedForEncodings = 0;
			knownRegions = (
				en,
				Base,
			);
			mainGroup = 898DC8CD25676E9200C9A6B6;
			productRefGroup = 898DC8D725676E9200C9A6B6 /* Products */;
			projectDirPath = "";
			projectRoot = "";
			targets = (
				898DC8D525676E9200C9A6B6 /* Parstagram */,
				898DC8EB25676E9500C9A6B6 /* ParstagramTests */,
				898DC8F625676E9500C9A6B6 /* ParstagramUITests */,
			);
		};
/* End PBXProject section */

/* Begin PBXResourcesBuildPhase section */
		898DC8D425676E9200C9A6B6 /* Resources */ = {
			isa = PBXResourcesBuildPhase;
			buildActionMask = 2147483647;
			files = (
				898DC8E625676E9400C9A6B6 /* LaunchScreen.storyboard in Resources */,
				898DC8E325676E9400C9A6B6 /* Assets.xcassets in Resources */,
				898DC8E125676E9200C9A6B6 /* Main.storyboard in Resources */,
			);
			runOnlyForDeploymentPostprocessing = 0;
		};
		898DC8EA25676E9500C9A6B6 /* Resources */ = {
			isa = PBXResourcesBuildPhase;
			buildActionMask = 2147483647;
			files = (
			);
			runOnlyForDeploymentPostprocessing = 0;
		};
		898DC8F525676E9500C9A6B6 /* Resources */ = {
			isa = PBXResourcesBuildPhase;
			buildActionMask = 2147483647;
			files = (
			);
			runOnlyForDeploymentPostprocessing = 0;
		};
/* End PBXResourcesBuildPhase section */

/* Begin PBXSourcesBuildPhase section */
		898DC8D225676E9200C9A6B6 /* Sources */ = {
			isa = PBXSourcesBuildPhase;
			buildActionMask = 2147483647;
			files = (
				898DC8DE25676E9200C9A6B6 /* ViewController.swift in Sources */,
				898DC8DA25676E9200C9A6B6 /* AppDelegate.swift in Sources */,
				898DC8DC25676E9200C9A6B6 /* SceneDelegate.swift in Sources */,
			);
			runOnlyForDeploymentPostprocessing = 0;
		};
		898DC8E825676E9500C9A6B6 /* Sources */ = {
			isa = PBXSourcesBuildPhase;
			buildActionMask = 2147483647;
			files = (
				898DC8F125676E9500C9A6B6 /* ParstagramTests.swift in Sources */,
			);
			runOnlyForDeploymentPostprocessing = 0;
		};
		898DC8F325676E9500C9A6B6 /* Sources */ = {
			isa = PBXSourcesBuildPhase;
			buildActionMask = 2147483647;
			files = (
				898DC8FC25676E9500C9A6B6 /* ParstagramUITests.swift in Sources */,
			);
			runOnlyForDeploymentPostprocessing = 0;
		};
/* End PBXSourcesBuildPhase section */

/* Begin PBXTargetDependency section */
		898DC8EE25676E9500C9A6B6 /* PBXTargetDependency */ = {
			isa = PBXTargetDependency;
			target = 898DC8D525676E9200C9A6B6 /* Parstagram */;
			targetProxy = 898DC8ED25676E9500C9A6B6 /* PBXContainerItemProxy */;
		};
		898DC8F925676E9500C9A6B6 /* PBXTargetDependency */ = {
			isa = PBXTargetDependency;
			target = 898DC8D525676E9200C9A6B6 /* Parstagram */;
			targetProxy = 898DC8F825676E9500C9A6B6 /* PBXContainerItemProxy */;
		};
/* End PBXTargetDependency section */

/* Begin PBXVariantGroup section */
		898DC8DF25676E9200C9A6B6 /* Main.storyboard */ = {
			isa = PBXVariantGroup;
			children = (
				898DC8E025676E9200C9A6B6 /* Base */,
			);
			name = Main.storyboard;
			sourceTree = "<group>";
		};
		898DC8E425676E9400C9A6B6 /* LaunchScreen.storyboard */ = {
			isa = PBXVariantGroup;
			children = (
				898DC8E525676E9400C9A6B6 /* Base */,
			);
			name = LaunchScreen.storyboard;
			sourceTree = "<group>";
		};
/* End PBXVariantGroup section */

/* Begin XCBuildConfiguration section */
		898DC8FE25676E9500C9A6B6 /* Debug */ = {
			isa = XCBuildConfiguration;
			buildSettings = {
				ALWAYS_SEARCH_USER_PATHS = NO;
				CLANG_ANALYZER_NONNULL = YES;
				CLANG_ANALYZER_NUMBER_OBJECT_CONVERSION = YES_AGGRESSIVE;
				CLANG_CXX_LANGUAGE_STANDARD = "gnu++14";
				CLANG_CXX_LIBRARY = "libc++";
				CLANG_ENABLE_MODULES = YES;
				CLANG_ENABLE_OBJC_ARC = YES;
				CLANG_ENABLE_OBJC_WEAK = YES;
				CLANG_WARN_BLOCK_CAPTURE_AUTORELEASING = YES;
				CLANG_WARN_BOOL_CONVERSION = YES;
				CLANG_WARN_COMMA = YES;
				CLANG_WARN_CONSTANT_CONVERSION = YES;
				CLANG_WARN_DEPRECATED_OBJC_IMPLEMENTATIONS = YES;
				CLANG_WARN_DIRECT_OBJC_ISA_USAGE = YES_ERROR;
				CLANG_WARN_DOCUMENTATION_COMMENTS = YES;
				CLANG_WARN_EMPTY_BODY = YES;
				CLANG_WARN_ENUM_CONVERSION = YES;
				CLANG_WARN_INFINITE_RECURSION = YES;
				CLANG_WARN_INT_CONVERSION = YES;
				CLANG_WARN_NON_LITERAL_NULL_CONVERSION = YES;
				CLANG_WARN_OBJC_IMPLICIT_RETAIN_SELF = YES;
				CLANG_WARN_OBJC_LITERAL_CONVERSION = YES;
				CLANG_WARN_OBJC_ROOT_CLASS = YES_ERROR;
				CLANG_WARN_QUOTED_INCLUDE_IN_FRAMEWORK_HEADER = YES;
				CLANG_WARN_RANGE_LOOP_ANALYSIS = YES;
				CLANG_WARN_STRICT_PROTOTYPES = YES;
				CLANG_WARN_SUSPICIOUS_MOVE = YES;
				CLANG_WARN_UNGUARDED_AVAILABILITY = YES_AGGRESSIVE;
				CLANG_WARN_UNREACHABLE_CODE = YES;
				CLANG_WARN__DUPLICATE_METHOD_MATCH = YES;
				COPY_PHASE_STRIP = NO;
				DEBUG_INFORMATION_FORMAT = dwarf;
				ENABLE_STRICT_OBJC_MSGSEND = YES;
				ENABLE_TESTABILITY = YES;
				GCC_C_LANGUAGE_STANDARD = gnu11;
				GCC_DYNAMIC_NO_PIC = NO;
				GCC_NO_COMMON_BLOCKS = YES;
				GCC_OPTIMIZATION_LEVEL = 0;
				GCC_PREPROCESSOR_DEFINITIONS = (
					"DEBUG=1",
					"$(inherited)",
				);
				GCC_WARN_64_TO_32_BIT_CONVERSION = YES;
				GCC_WARN_ABOUT_RETURN_TYPE = YES_ERROR;
				GCC_WARN_UNDECLARED_SELECTOR = YES;
				GCC_WARN_UNINITIALIZED_AUTOS = YES_AGGRESSIVE;
				GCC_WARN_UNUSED_FUNCTION = YES;
				GCC_WARN_UNUSED_VARIABLE = YES;
				IPHONEOS_DEPLOYMENT_TARGET = 14.1;
				MTL_ENABLE_DEBUG_INFO = INCLUDE_SOURCE;
				MTL_FAST_MATH = YES;
				ONLY_ACTIVE_ARCH = YES;
				SDKROOT = iphoneos;
				SWIFT_ACTIVE_COMPILATION_CONDITIONS = DEBUG;
				SWIFT_OPTIMIZATION_LEVEL = "-Onone";
			};
			name = Debug;
		};
		898DC8FF25676E9500C9A6B6 /* Release */ = {
			isa = XCBuildConfiguration;
			buildSettings = {
				ALWAYS_SEARCH_USER_PATHS = NO;
				CLANG_ANALYZER_NONNULL = YES;
				CLANG_ANALYZER_NUMBER_OBJECT_CONVERSION = YES_AGGRESSIVE;
				CLANG_CXX_LANGUAGE_STANDARD = "gnu++14";
				CLANG_CXX_LIBRARY = "libc++";
				CLANG_ENABLE_MODULES = YES;
				CLANG_ENABLE_OBJC_ARC = YES;
				CLANG_ENABLE_OBJC_WEAK = YES;
				CLANG_WARN_BLOCK_CAPTURE_AUTORELEASING = YES;
				CLANG_WARN_BOOL_CONVERSION = YES;
				CLANG_WARN_COMMA = YES;
				CLANG_WARN_CONSTANT_CONVERSION = YES;
				CLANG_WARN_DEPRECATED_OBJC_IMPLEMENTATIONS = YES;
				CLANG_WARN_DIRECT_OBJC_ISA_USAGE = YES_ERROR;
				CLANG_WARN_DOCUMENTATION_COMMENTS = YES;
				CLANG_WARN_EMPTY_BODY = YES;
				CLANG_WARN_ENUM_CONVERSION = YES;
				CLANG_WARN_INFINITE_RECURSION = YES;
				CLANG_WARN_INT_CONVERSION = YES;
				CLANG_WARN_NON_LITERAL_NULL_CONVERSION = YES;
				CLANG_WARN_OBJC_IMPLICIT_RETAIN_SELF = YES;
				CLANG_WARN_OBJC_LITERAL_CONVERSION = YES;
				CLANG_WARN_OBJC_ROOT_CLASS = YES_ERROR;
				CLANG_WARN_QUOTED_INCLUDE_IN_FRAMEWORK_HEADER = YES;
				CLANG_WARN_RANGE_LOOP_ANALYSIS = YES;
				CLANG_WARN_STRICT_PROTOTYPES = YES;
				CLANG_WARN_SUSPICIOUS_MOVE = YES;
				CLANG_WARN_UNGUARDED_AVAILABILITY = YES_AGGRESSIVE;
				CLANG_WARN_UNREACHABLE_CODE = YES;
				CLANG_WARN__DUPLICATE_METHOD_MATCH = YES;
				COPY_PHASE_STRIP = NO;
				DEBUG_INFORMATION_FORMAT = "dwarf-with-dsym";
				ENABLE_NS_ASSERTIONS = NO;
				ENABLE_STRICT_OBJC_MSGSEND = YES;
				GCC_C_LANGUAGE_STANDARD = gnu11;
				GCC_NO_COMMON_BLOCKS = YES;
				GCC_WARN_64_TO_32_BIT_CONVERSION = YES;
				GCC_WARN_ABOUT_RETURN_TYPE = YES_ERROR;
				GCC_WARN_UNDECLARED_SELECTOR = YES;
				GCC_WARN_UNINITIALIZED_AUTOS = YES_AGGRESSIVE;
				GCC_WARN_UNUSED_FUNCTION = YES;
				GCC_WARN_UNUSED_VARIABLE = YES;
				IPHONEOS_DEPLOYMENT_TARGET = 14.1;
				MTL_ENABLE_DEBUG_INFO = NO;
				MTL_FAST_MATH = YES;
				SDKROOT = iphoneos;
				SWIFT_COMPILATION_MODE = wholemodule;
				SWIFT_OPTIMIZATION_LEVEL = "-O";
				VALIDATE_PRODUCT = YES;
			};
			name = Release;
		};
		898DC90125676E9500C9A6B6 /* Debug */ = {
			isa = XCBuildConfiguration;
			buildSettings = {
				ASSETCATALOG_COMPILER_APPICON_NAME = AppIcon;
				ASSETCATALOG_COMPILER_GLOBAL_ACCENT_COLOR_NAME = AccentColor;
				CODE_SIGN_STYLE = Automatic;
				INFOPLIST_FILE = Parstagram/Info.plist;
				LD_RUNPATH_SEARCH_PATHS = (
					"$(inherited)",
					"@executable_path/Frameworks",
				);
				PRODUCT_BUNDLE_IDENTIFIER = codepath.Parstagram;
				PRODUCT_NAME = "$(TARGET_NAME)";
				SWIFT_VERSION = 5.0;
				TARGETED_DEVICE_FAMILY = "1,2";
			};
			name = Debug;
		};
		898DC90225676E9500C9A6B6 /* Release */ = {
			isa = XCBuildConfiguration;
			buildSettings = {
				ASSETCATALOG_COMPILER_APPICON_NAME = AppIcon;
				ASSETCATALOG_COMPILER_GLOBAL_ACCENT_COLOR_NAME = AccentColor;
				CODE_SIGN_STYLE = Automatic;
				INFOPLIST_FILE = Parstagram/Info.plist;
				LD_RUNPATH_SEARCH_PATHS = (
					"$(inherited)",
					"@executable_path/Frameworks",
				);
				PRODUCT_BUNDLE_IDENTIFIER = codepath.Parstagram;
				PRODUCT_NAME = "$(TARGET_NAME)";
				SWIFT_VERSION = 5.0;
				TARGETED_DEVICE_FAMILY = "1,2";
			};
			name = Release;
		};
		898DC90425676E9500C9A6B6 /* Debug */ = {
			isa = XCBuildConfiguration;
			buildSettings = {
				ALWAYS_EMBED_SWIFT_STANDARD_LIBRARIES = YES;
				BUNDLE_LOADER = "$(TEST_HOST)";
				CODE_SIGN_STYLE = Automatic;
				INFOPLIST_FILE = ParstagramTests/Info.plist;
				IPHONEOS_DEPLOYMENT_TARGET = 14.1;
				LD_RUNPATH_SEARCH_PATHS = (
					"$(inherited)",
					"@executable_path/Frameworks",
					"@loader_path/Frameworks",
				);
				PRODUCT_BUNDLE_IDENTIFIER = codepath.ParstagramTests;
				PRODUCT_NAME = "$(TARGET_NAME)";
				SWIFT_VERSION = 5.0;
				TARGETED_DEVICE_FAMILY = "1,2";
				TEST_HOST = "$(BUILT_PRODUCTS_DIR)/Parstagram.app/Parstagram";
			};
			name = Debug;
		};
		898DC90525676E9500C9A6B6 /* Release */ = {
			isa = XCBuildConfiguration;
			buildSettings = {
				ALWAYS_EMBED_SWIFT_STANDARD_LIBRARIES = YES;
				BUNDLE_LOADER = "$(TEST_HOST)";
				CODE_SIGN_STYLE = Automatic;
				INFOPLIST_FILE = ParstagramTests/Info.plist;
				IPHONEOS_DEPLOYMENT_TARGET = 14.1;
				LD_RUNPATH_SEARCH_PATHS = (
					"$(inherited)",
					"@executable_path/Frameworks",
					"@loader_path/Frameworks",
				);
				PRODUCT_BUNDLE_IDENTIFIER = codepath.ParstagramTests;
				PRODUCT_NAME = "$(TARGET_NAME)";
				SWIFT_VERSION = 5.0;
				TARGETED_DEVICE_FAMILY = "1,2";
				TEST_HOST = "$(BUILT_PRODUCTS_DIR)/Parstagram.app/Parstagram";
			};
			name = Release;
		};
		898DC90725676E9500C9A6B6 /* Debug */ = {
			isa = XCBuildConfiguration;
			buildSettings = {
				ALWAYS_EMBED_SWIFT_STANDARD_LIBRARIES = YES;
				CODE_SIGN_STYLE = Automatic;
				INFOPLIST_FILE = ParstagramUITests/Info.plist;
				LD_RUNPATH_SEARCH_PATHS = (
					"$(inherited)",
					"@executable_path/Frameworks",
					"@loader_path/Frameworks",
				);
				PRODUCT_BUNDLE_IDENTIFIER = codepath.ParstagramUITests;
				PRODUCT_NAME = "$(TARGET_NAME)";
				SWIFT_VERSION = 5.0;
				TARGETED_DEVICE_FAMILY = "1,2";
				TEST_TARGET_NAME = Parstagram;
			};
			name = Debug;
		};
		898DC90825676E9500C9A6B6 /* Release */ = {
			isa = XCBuildConfiguration;
			buildSettings = {
				ALWAYS_EMBED_SWIFT_STANDARD_LIBRARIES = YES;
				CODE_SIGN_STYLE = Automatic;
				INFOPLIST_FILE = ParstagramUITests/Info.plist;
				LD_RUNPATH_SEARCH_PATHS = (
					"$(inherited)",
					"@executable_path/Frameworks",
					"@loader_path/Frameworks",
				);
				PRODUCT_BUNDLE_IDENTIFIER = codepath.ParstagramUITests;
				PRODUCT_NAME = "$(TARGET_NAME)";
				SWIFT_VERSION = 5.0;
				TARGETED_DEVICE_FAMILY = "1,2";
				TEST_TARGET_NAME = Parstagram;
			};
			name = Release;
		};
/* End XCBuildConfiguration section */

/* Begin XCConfigurationList section */
		898DC8D125676E9200C9A6B6 /* Build configuration list for PBXProject "Parstagram" */ = {
			isa = XCConfigurationList;
			buildConfigurations = (
				898DC8FE25676E9500C9A6B6 /* Debug */,
				898DC8FF25676E9500C9A6B6 /* Release */,
			);
			defaultConfigurationIsVisible = 0;
			defaultConfigurationName = Release;
		};
		898DC90025676E9500C9A6B6 /* Build configuration list for PBXNativeTarget "Parstagram" */ = {
			isa = XCConfigurationList;
			buildConfigurations = (
				898DC90125676E9500C9A6B6 /* Debug */,
				898DC90225676E9500C9A6B6 /* Release */,
			);
			defaultConfigurationIsVisible = 0;
			defaultConfigurationName = Release;
		};
		898DC90325676E9500C9A6B6 /* Build configuration list for PBXNativeTarget "ParstagramTests" */ = {
			isa = XCConfigurationList;
			buildConfigurations = (
				898DC90425676E9500C9A6B6 /* Debug */,
				898DC90525676E9500C9A6B6 /* Release */,
			);
			defaultConfigurationIsVisible = 0;
			defaultConfigurationName = Release;
		};
		898DC90625676E9500C9A6B6 /* Build configuration list for PBXNativeTarget "ParstagramUITests" */ = {
			isa = XCConfigurationList;
			buildConfigurations = (
				898DC90725676E9500C9A6B6 /* Debug */,
				898DC90825676E9500C9A6B6 /* Release */,
			);
			defaultConfigurationIsVisible = 0;
			defaultConfigurationName = Release;
		};
/* End XCConfigurationList section */
	};
	rootObject = 898DC8CE25676E9200C9A6B6 /* Project object */;
}
